
Microsoft Visual Studio Solution File, Format Version 12.00
# Visual Studio Version 17
VisualStudioVersion = 17.8.34511.84
MinimumVisualStudioVersion = 10.0.40219.1
Project("{FAE04EC0-301F-11D3-BF4B-00C04F79EFBC}") = "MIS3013_HW1_StudentGrade", "MIS3013_HW1_StudentGrade\MIS3013_HW1_StudentGrade.csproj", "{9734B917-CAD2-4FDF-B863-E74E0ECD9F04}"
EndProject
Global
	GlobalSection(SolutionConfigurationPlatforms) = preSolution
		Debug|Any CPU = Debug|Any CPU
		Release|Any CPU = Release|Any CPU
	EndGlobalSection
	GlobalSection(ProjectConfigurationPlatforms) = postSolution
		{9734B917-CAD2-4FDF-B863-E74E0ECD9F04}.Debug|Any CPU.ActiveCfg = Debug|Any CPU
		{9734B917-CAD2-4FDF-B863-E74E0ECD9F04}.Debug|Any CPU.Build.0 = Debug|Any CPU
		{9734B917-CAD2-4FDF-B863-E74E0ECD9F04}.Release|Any CPU.ActiveCfg = Release|Any CPU
		{9734B917-CAD2-4FDF-B863-E74E0ECD9F04}.Release|Any CPU.Build.0 = Release|Any CPU
	EndGlobalSection
	GlobalSection(SolutionProperties) = preSolution
		HideSolutionNode = FALSE
	EndGlobalSection
	GlobalSection(ExtensibilityGlobals) = postSolution
		SolutionGuid = {53EBCC8A-ADB8-4003-B886-6EF16FAE7DFE}
	EndGlobalSection
EndGlobal
